
Microsoft Visual Studio Solution File, Format Version 12.00
# Visual Studio Version 17
VisualStudioVersion = 17.11.35222.181
MinimumVisualStudioVersion = 10.0.40219.1
Project("{FAE04EC0-301F-11D3-BF4B-00C04F79EFBC}") = "Http_Clienttt", "Http_Clienttt\Http_Clienttt.csproj", "{0EF7FC37-79A9-4D9F-8048-B0A68312FE44}"
EndProject
Project("{FAE04EC0-301F-11D3-BF4B-00C04F79EFBC}") = "Http_Serverrrr", "Http_Serverrrr\Http_Serverrrr.csproj", "{CCB0B49C-B901-4359-9973-AA4BDE94472C}"
EndProject
Global
	GlobalSection(SolutionConfigurationPlatforms) = preSolution
		Debug|Any CPU = Debug|Any CPU
		Release|Any CPU = Release|Any CPU
	EndGlobalSection
	GlobalSection(ProjectConfigurationPlatforms) = postSolution
		{0EF7FC37-79A9-4D9F-8048-B0A68312FE44}.Debug|Any CPU.ActiveCfg = Debug|Any CPU
		{0EF7FC37-79A9-4D9F-8048-B0A68312FE44}.Debug|Any CPU.Build.0 = Debug|Any CPU
		{0EF7FC37-79A9-4D9F-8048-B0A68312FE44}.Release|Any CPU.ActiveCfg = Release|Any CPU
		{0EF7FC37-79A9-4D9F-8048-B0A68312FE44}.Release|Any CPU.Build.0 = Release|Any CPU
		{CCB0B49C-B901-4359-9973-AA4BDE94472C}.Debug|Any CPU.ActiveCfg = Debug|Any CPU
		{CCB0B49C-B901-4359-9973-AA4BDE94472C}.Debug|Any CPU.Build.0 = Debug|Any CPU
		{CCB0B49C-B901-4359-9973-AA4BDE94472C}.Release|Any CPU.ActiveCfg = Release|Any CPU
		{CCB0B49C-B901-4359-9973-AA4BDE94472C}.Release|Any CPU.Build.0 = Release|Any CPU
	EndGlobalSection
	GlobalSection(SolutionProperties) = preSolution
		HideSolutionNode = FALSE
	EndGlobalSection
	GlobalSection(ExtensibilityGlobals) = postSolution
		SolutionGuid = {A8597A13-9B41-4003-A4E6-3C0676E28F41}
	EndGlobalSection
EndGlobal
